
Microsoft Visual Studio Solution File, Format Version 12.00
# Visual Studio 14
VisualStudioVersion = 14.0.25420.1
MinimumVisualStudioVersion = 10.0.40219.1
Project("{FAE04EC0-301F-11D3-BF4B-00C04F79EFBC}") = "Prometheus_Entity", "Prometheus_Entity\Prometheus_Entity.csproj", "{CA911793-7F0C-4DC0-A753-9B1A1CE53778}"
EndProject
Project("{FAE04EC0-301F-11D3-BF4B-00C04F79EFBC}") = "Prometheus_Exeception", "Prometheus_Exeception\Prometheus_Exeception.csproj", "{16FC23AF-C0CF-4B72-825B-1F3BB9ED81A1}"
EndProject
Project("{FAE04EC0-301F-11D3-BF4B-00C04F79EFBC}") = "Prometheus_DAL", "Prometheus_DAL\Prometheus_DAL.csproj", "{1FD04FB0-FDFE-418D-AF4A-550EB07D7640}"
EndProject
Project("{FAE04EC0-301F-11D3-BF4B-00C04F79EFBC}") = "Prometheus_BLL", "Prometheus_BLL\Prometheus_BLL.csproj", "{C742D11B-2996-4C14-8B4A-CDE70B94AC0F}"
EndProject
Project("{FAE04EC0-301F-11D3-BF4B-00C04F79EFBC}") = "Prometheus", "Prometheus\Prometheus.csproj", "{EEB7B213-4D0D-4573-ACF4-3B5D2B4B30A8}"
EndProject
Global
	GlobalSection(SolutionConfigurationPlatforms) = preSolution
		Debug|Any CPU = Debug|Any CPU
		Release|Any CPU = Release|Any CPU
	EndGlobalSection
	GlobalSection(ProjectConfigurationPlatforms) = postSolution
		{CA911793-7F0C-4DC0-A753-9B1A1CE53778}.Debug|Any CPU.ActiveCfg = Debug|Any CPU
		{CA911793-7F0C-4DC0-A753-9B1A1CE53778}.Debug|Any CPU.Build.0 = Debug|Any CPU
		{CA911793-7F0C-4DC0-A753-9B1A1CE53778}.Release|Any CPU.ActiveCfg = Release|Any CPU
		{CA911793-7F0C-4DC0-A753-9B1A1CE53778}.Release|Any CPU.Build.0 = Release|Any CPU
		{16FC23AF-C0CF-4B72-825B-1F3BB9ED81A1}.Debug|Any CPU.ActiveCfg = Debug|Any CPU
		{16FC23AF-C0CF-4B72-825B-1F3BB9ED81A1}.Debug|Any CPU.Build.0 = Debug|Any CPU
		{16FC23AF-C0CF-4B72-825B-1F3BB9ED81A1}.Release|Any CPU.ActiveCfg = Release|Any CPU
		{16FC23AF-C0CF-4B72-825B-1F3BB9ED81A1}.Release|Any CPU.Build.0 = Release|Any CPU
		{1FD04FB0-FDFE-418D-AF4A-550EB07D7640}.Debug|Any CPU.ActiveCfg = Debug|Any CPU
		{1FD04FB0-FDFE-418D-AF4A-550EB07D7640}.Debug|Any CPU.Build.0 = Debug|Any CPU
		{1FD04FB0-FDFE-418D-AF4A-550EB07D7640}.Release|Any CPU.ActiveCfg = Release|Any CPU
		{1FD04FB0-FDFE-418D-AF4A-550EB07D7640}.Release|Any CPU.Build.0 = Release|Any CPU
		{C742D11B-2996-4C14-8B4A-CDE70B94AC0F}.Debug|Any CPU.ActiveCfg = Debug|Any CPU
		{C742D11B-2996-4C14-8B4A-CDE70B94AC0F}.Debug|Any CPU.Build.0 = Debug|Any CPU
		{C742D11B-2996-4C14-8B4A-CDE70B94AC0F}.Release|Any CPU.ActiveCfg = Release|Any CPU
		{C742D11B-2996-4C14-8B4A-CDE70B94AC0F}.Release|Any CPU.Build.0 = Release|Any CPU
		{EEB7B213-4D0D-4573-ACF4-3B5D2B4B30A8}.Debug|Any CPU.ActiveCfg = Debug|Any CPU
		{EEB7B213-4D0D-4573-ACF4-3B5D2B4B30A8}.Debug|Any CPU.Build.0 = Debug|Any CPU
		{EEB7B213-4D0D-4573-ACF4-3B5D2B4B30A8}.Release|Any CPU.ActiveCfg = Release|Any CPU
		{EEB7B213-4D0D-4573-ACF4-3B5D2B4B30A8}.Release|Any CPU.Build.0 = Release|Any CPU
	EndGlobalSection
	GlobalSection(SolutionProperties) = preSolution
		HideSolutionNode = FALSE
	EndGlobalSection
EndGlobal
